{
    "_readme": [
        "This file locks the dependencies of your project to a known state",
        "Read more about it at https://getcomposer.org/doc/01-basic-usage.md#composer-lock-the-lock-file",
        "This file is @generated automatically"
    ],
    "hash": "c7af6734ec249c6d820ebd6ffa568df8",
    "packages": [
        {
            "name": "puli/repository",
            "version": "1.0.0-beta6",
            "source": {
                "type": "git",
                "url": "https://github.com/puli/repository.git",
                "reference": "4137bc4c8063e5844cd231c947d4a6a8136306c7"
            },
            "dist": {
                "type": "zip",
                "url": "https://api.github.com/repos/puli/repository/zipball/4137bc4c8063e5844cd231c947d4a6a8136306c7",
                "reference": "4137bc4c8063e5844cd231c947d4a6a8136306c7",
                "shasum": ""
            },
            "require": {
                "php": ">=5.3.9",
                "webmozart/assert": "~1.0",
                "webmozart/glob": "~3.0",
                "webmozart/path-util": "~2.0"
            },
            "require-dev": {
                "phpunit/phpunit": "^4.6",
                "symfony/filesystem": "~2.0",
                "webmozart/key-value-store": "~1.0@beta"
            },
            "suggest": {
                "symfony/filesystem": "to use the FilesystemRepository",
                "webmozart/key-value-store": "~1.0@beta"
            },
            "type": "library",
            "extra": {
                "branch-alias": {
                    "dev-master": "1.0-dev"
                }
            },
            "autoload": {
                "psr-4": {
                    "Puli\\Repository\\": "src/"
                }
            },
            "notification-url": "https://packagist.org/downloads/",
            "license": [
                "MIT"
            ],
            "authors": [
                {
                    "name": "Bernhard Schussek",
                    "email": "bschussek@gmail.com"
                }
            ],
            "description": "A filesystem-like repository for storing arbitrary resources.",
            "homepage": "http://puli.io",
            "time": "2015-08-12 11:54:29"
        },
        {
            "name": "puli/twig-extension",
            "version": "1.0.0-beta5",
            "source": {
                "type": "git",
                "url": "https://github.com/puli/twig-extension.git",
                "reference": "051f7a8f4561b8b2a9df0e435862f28f5def152a"
            },
            "dist": {
                "type": "zip",
                "url": "https://api.github.com/repos/puli/twig-extension/zipball/051f7a8f4561b8b2a9df0e435862f28f5def152a",
                "reference": "051f7a8f4561b8b2a9df0e435862f28f5def152a",
                "shasum": ""
            },
            "require": {
                "php": ">=5.3.9",
                "puli/repository": "^1.0",
                "twig/twig": "^1.0",
                "webmozart/path-util": "^2.0"
            },
            "require-dev": {
                "phpunit/phpunit": "^4.6",
                "puli/url-generator": "^1.0",
                "symfony/http-kernel": "^2.3"
            },
            "suggest": {
                "puli/url-generator": "Enables the resource_url() function"
            },
            "type": "library",
            "extra": {
                "branch-alias": {
                    "dev-master": "1.0-dev"
                }
            },
            "autoload": {
                "psr-4": {
                    "Puli\\TwigExtension\\": "src/"
                }
            },
            "notification-url": "https://packagist.org/downloads/",
            "license": [
                "MIT"
            ],
            "authors": [
                {
                    "name": "Bernhard Schussek",
                    "email": "bschussek@gmail.com"
                }
            ],
            "description": "A Puli extension for the Twig templating system.",
            "homepage": "http://puli.io",
            "time": "2015-08-12 14:12:06"
        },
        {
            "name": "twig/twig",
            "version": "v1.21.0",
            "source": {
                "type": "git",
                "url": "https://github.com/twigphp/Twig.git",
                "reference": "913d282caca9ee0e8d05940c6caa486d58810dd4"
            },
            "dist": {
                "type": "zip",
                "url": "https://api.github.com/repos/twigphp/Twig/zipball/913d282caca9ee0e8d05940c6caa486d58810dd4",
                "reference": "913d282caca9ee0e8d05940c6caa486d58810dd4",
                "shasum": ""
            },
            "require": {
                "php": ">=5.2.7"
            },
            "require-dev": {
                "symfony/debug": "~2.7",
                "symfony/phpunit-bridge": "~2.7"
            },
            "type": "library",
            "extra": {
                "branch-alias": {
                    "dev-master": "1.21-dev"
                }
            },
            "autoload": {
                "psr-0": {
                    "Twig_": "lib/"
                }
            },
            "notification-url": "https://packagist.org/downloads/",
            "license": [
                "BSD-3-Clause"
            ],
            "authors": [
                {
                    "name": "Fabien Potencier",
                    "email": "fabien@symfony.com",
                    "homepage": "http://fabien.potencier.org",
                    "role": "Lead Developer"
                },
                {
                    "name": "Armin Ronacher",
                    "email": "armin.ronacher@active-4.com",
                    "role": "Project Founder"
                },
                {
                    "name": "Twig Team",
                    "homepage": "http://twig.sensiolabs.org/contributors",
                    "role": "Contributors"
                }
            ],
            "description": "Twig, the flexible, fast, and secure template language for PHP",
            "homepage": "http://twig.sensiolabs.org",
            "keywords": [
                "templating"
            ],
            "time": "2015-08-24 09:51:18"
        },
        {
            "name": "webmozart/assert",
            "version": "1.0.2",
            "source": {
                "type": "git",
                "url": "https://github.com/webmozart/assert.git",
                "reference": "30eed06dd6bc88410a4ff7f77b6d22f3ce13dbde"
            },
            "dist": {
                "type": "zip",
                "url": "https://api.github.com/repos/webmozart/assert/zipball/30eed06dd6bc88410a4ff7f77b6d22f3ce13dbde",
                "reference": "30eed06dd6bc88410a4ff7f77b6d22f3ce13dbde",
                "shasum": ""
            },
            "require": {
                "php": ">=5.3.3"
            },
            "require-dev": {
                "phpunit/phpunit": "^4.6"
            },
            "type": "library",
            "extra": {
                "branch-alias": {
                    "dev-master": "1.0-dev"
                }
            },
            "autoload": {
                "psr-4": {
                    "Webmozart\\Assert\\": "src/"
                }
            },
            "notification-url": "https://packagist.org/downloads/",
            "license": [
                "MIT"
            ],
            "authors": [
                {
                    "name": "Bernhard Schussek",
                    "email": "bschussek@gmail.com"
                }
            ],
            "description": "Assertions to validate method input/output with nice error messages.",
            "keywords": [
                "assert",
                "check",
                "validate"
            ],
            "time": "2015-08-24 13:29:44"
        },
        {
            "name": "webmozart/glob",
            "version": "3.1.1",
            "source": {
                "type": "git",
                "url": "https://github.com/webmozart/glob.git",
                "reference": "44fd5671153c550a0b772d8f819bff7d913e646f"
            },
            "dist": {
                "type": "zip",
                "url": "https://api.github.com/repos/webmozart/glob/zipball/44fd5671153c550a0b772d8f819bff7d913e646f",
                "reference": "44fd5671153c550a0b772d8f819bff7d913e646f",
                "shasum": ""
            },
            "require": {
                "php": ">=5.3.3",
                "webmozart/path-util": "^2.2"
            },
            "require-dev": {
                "phpunit/phpunit": "^4.6",
                "symfony/filesystem": "^2.5"
            },
            "type": "library",
            "extra": {
                "branch-alias": {
                    "dev-master": "3.2-dev"
                }
            },
            "autoload": {
                "psr-4": {
                    "Webmozart\\Glob\\": "src/"
                }
            },
            "notification-url": "https://packagist.org/downloads/",
            "license": [
                "MIT"
            ],
            "authors": [
                {
                    "name": "Bernhard Schussek",
                    "email": "bschussek@gmail.com"
                }
            ],
            "description": "A PHP implementation of Ant's glob.",
            "time": "2015-08-24 13:32:28"
        },
        {
            "name": "webmozart/path-util",
            "version": "2.2.2",
            "source": {
                "type": "git",
                "url": "https://github.com/webmozart/path-util.git",
                "reference": "f1c8da76b3ed86a43058fa68f59c0e4f90c69f27"
            },
            "dist": {
                "type": "zip",
                "url": "https://api.github.com/repos/webmozart/path-util/zipball/f1c8da76b3ed86a43058fa68f59c0e4f90c69f27",
                "reference": "f1c8da76b3ed86a43058fa68f59c0e4f90c69f27",
                "shasum": ""
            },
            "require": {
                "php": ">=5.3.3",
                "webmozart/assert": "~1.0"
            },
            "require-dev": {
                "phpunit/phpunit": "^4.6"
            },
            "type": "library",
            "extra": {
                "branch-alias": {
                    "dev-master": "2.3-dev"
                }
            },
            "autoload": {
                "psr-4": {
                    "Webmozart\\PathUtil\\": "src/"
                }
            },
            "notification-url": "https://packagist.org/downloads/",
            "license": [
                "MIT"
            ],
            "authors": [
                {
                    "name": "Bernhard Schussek",
                    "email": "bschussek@gmail.com"
                }
            ],
            "description": "A robust cross-platform utility for normalizing, comparing and modifying file paths.",
            "time": "2015-08-24 17:27:41"
        }
    ],
    "packages-dev": [],
    "aliases": [],
    "minimum-stability": "beta",
    "stability-flags": [],
    "prefer-stable": false,
    "prefer-lowest": false,
    "platform": [],
    "platform-dev": []
}
