{
    "_readme": [
        "This file locks the dependencies of your project to a known state",
        "Read more about it at https://getcomposer.org/doc/01-basic-usage.md#composer-lock-the-lock-file",
        "This file is @generated automatically"
    ],
    "hash": "de2f3b67eccd864f6b701ecb6675c578",
    "packages": [
        {
            "name": "puli/repository",
            "version": "1.0.0-beta7",
            "source": {
                "type": "git",
                "url": "https://github.com/puli/repository.git",
                "reference": "d4871bc9911f10d7e78aa01ee875a525dfd413cf"
            },
            "dist": {
                "type": "zip",
                "url": "https://api.github.com/repos/puli/repository/zipball/d4871bc9911f10d7e78aa01ee875a525dfd413cf",
                "reference": "d4871bc9911f10d7e78aa01ee875a525dfd413cf",
                "shasum": ""
            },
            "require": {
                "php": ">=5.3.9",
                "webmozart/assert": "^1.0",
                "webmozart/glob": "^3.1",
                "webmozart/path-util": "^2.2"
            },
            "require-dev": {
                "phpunit/phpunit": "^4.6",
                "symfony/filesystem": "^2.0",
                "webmozart/key-value-store": "^1.0.0-beta5"
            },
            "suggest": {
                "symfony/filesystem": "to use the FilesystemRepository",
                "webmozart/key-value-store": "to use the path mapping repositories"
            },
            "type": "library",
            "extra": {
                "branch-alias": {
                    "dev-master": "1.1-dev"
                }
            },
            "autoload": {
                "psr-4": {
                    "Puli\\Repository\\": "src/"
                }
            },
            "notification-url": "https://packagist.org/downloads/",
            "license": [
                "MIT"
            ],
            "authors": [
                {
                    "name": "Bernhard Schussek",
                    "email": "bschussek@gmail.com"
                }
            ],
            "description": "A filesystem-like repository for storing arbitrary resources.",
            "homepage": "http://puli.io",
            "time": "2015-08-24 19:46:06"
        },
        {
            "name": "puli/twig-extension",
            "version": "1.0.0-beta6",
            "source": {
                "type": "git",
                "url": "https://github.com/puli/twig-extension.git",
                "reference": "8f72fa0b47ada12509833d83e72ce95896db54a6"
            },
            "dist": {
                "type": "zip",
                "url": "https://api.github.com/repos/puli/twig-extension/zipball/8f72fa0b47ada12509833d83e72ce95896db54a6",
                "reference": "8f72fa0b47ada12509833d83e72ce95896db54a6",
                "shasum": ""
            },
            "require": {
                "php": ">=5.3.9",
                "puli/repository": "^1.0-beta7",
                "twig/twig": "^1.20|^2.0",
                "webmozart/path-util": "^2.0"
            },
            "require-dev": {
                "phpunit/phpunit": "^4.6",
                "puli/url-generator": "^1.0",
                "symfony/http-kernel": "^2.3"
            },
            "suggest": {
                "puli/url-generator": "Enables the resource_url() function"
            },
            "type": "library",
            "extra": {
                "branch-alias": {
                    "dev-master": "1.0-dev"
                }
            },
            "autoload": {
                "psr-4": {
                    "Puli\\TwigExtension\\": "src/"
                }
            },
            "notification-url": "https://packagist.org/downloads/",
            "license": [
                "MIT"
            ],
            "authors": [
                {
                    "name": "Bernhard Schussek",
                    "email": "bschussek@gmail.com"
                }
            ],
            "description": "A Puli extension for the Twig templating system.",
            "homepage": "http://puli.io",
            "time": "2015-08-24 20:24:20"
        },
        {
            "name": "twig/twig",
            "version": "v1.21.0",
            "source": {
                "type": "git",
                "url": "https://github.com/twigphp/Twig.git",
                "reference": "913d282caca9ee0e8d05940c6caa486d58810dd4"
            },
            "dist": {
                "type": "zip",
                "url": "https://api.github.com/repos/twigphp/Twig/zipball/913d282caca9ee0e8d05940c6caa486d58810dd4",
                "reference": "913d282caca9ee0e8d05940c6caa486d58810dd4",
                "shasum": ""
            },
            "require": {
                "php": ">=5.2.7"
            },
            "require-dev": {
                "symfony/debug": "~2.7",
                "symfony/phpunit-bridge": "~2.7"
            },
            "type": "library",
            "extra": {
                "branch-alias": {
                    "dev-master": "1.21-dev"
                }
            },
            "autoload": {
                "psr-0": {
                    "Twig_": "lib/"
                }
            },
            "notification-url": "https://packagist.org/downloads/",
            "license": [
                "BSD-3-Clause"
            ],
            "authors": [
                {
                    "name": "Fabien Potencier",
                    "email": "fabien@symfony.com",
                    "homepage": "http://fabien.potencier.org",
                    "role": "Lead Developer"
                },
                {
                    "name": "Armin Ronacher",
                    "email": "armin.ronacher@active-4.com",
                    "role": "Project Founder"
                },
                {
                    "name": "Twig Team",
                    "homepage": "http://twig.sensiolabs.org/contributors",
                    "role": "Contributors"
                }
            ],
            "description": "Twig, the flexible, fast, and secure template language for PHP",
            "homepage": "http://twig.sensiolabs.org",
            "keywords": [
                "templating"
            ],
            "time": "2015-08-24 09:51:18"
        },
        {
            "name": "webmozart/assert",
            "version": "1.0.2",
            "source": {
                "type": "git",
                "url": "https://github.com/webmozart/assert.git",
                "reference": "30eed06dd6bc88410a4ff7f77b6d22f3ce13dbde"
            },
            "dist": {
                "type": "zip",
                "url": "https://api.github.com/repos/webmozart/assert/zipball/30eed06dd6bc88410a4ff7f77b6d22f3ce13dbde",
                "reference": "30eed06dd6bc88410a4ff7f77b6d22f3ce13dbde",
                "shasum": ""
            },
            "require": {
                "php": ">=5.3.3"
            },
            "require-dev": {
                "phpunit/phpunit": "^4.6"
            },
            "type": "library",
            "extra": {
                "branch-alias": {
                    "dev-master": "1.0-dev"
                }
            },
            "autoload": {
                "psr-4": {
                    "Webmozart\\Assert\\": "src/"
                }
            },
            "notification-url": "https://packagist.org/downloads/",
            "license": [
                "MIT"
            ],
            "authors": [
                {
                    "name": "Bernhard Schussek",
                    "email": "bschussek@gmail.com"
                }
            ],
            "description": "Assertions to validate method input/output with nice error messages.",
            "keywords": [
                "assert",
                "check",
                "validate"
            ],
            "time": "2015-08-24 13:29:44"
        },
        {
            "name": "webmozart/glob",
            "version": "3.1.1",
            "source": {
                "type": "git",
                "url": "https://github.com/webmozart/glob.git",
                "reference": "44fd5671153c550a0b772d8f819bff7d913e646f"
            },
            "dist": {
                "type": "zip",
                "url": "https://api.github.com/repos/webmozart/glob/zipball/44fd5671153c550a0b772d8f819bff7d913e646f",
                "reference": "44fd5671153c550a0b772d8f819bff7d913e646f",
                "shasum": ""
            },
            "require": {
                "php": ">=5.3.3",
                "webmozart/path-util": "^2.2"
            },
            "require-dev": {
                "phpunit/phpunit": "^4.6",
                "symfony/filesystem": "^2.5"
            },
            "type": "library",
            "extra": {
                "branch-alias": {
                    "dev-master": "3.2-dev"
                }
            },
            "autoload": {
                "psr-4": {
                    "Webmozart\\Glob\\": "src/"
                }
            },
            "notification-url": "https://packagist.org/downloads/",
            "license": [
                "MIT"
            ],
            "authors": [
                {
                    "name": "Bernhard Schussek",
                    "email": "bschussek@gmail.com"
                }
            ],
            "description": "A PHP implementation of Ant's glob.",
            "time": "2015-08-24 13:32:28"
        },
        {
            "name": "webmozart/path-util",
            "version": "2.2.2",
            "source": {
                "type": "git",
                "url": "https://github.com/webmozart/path-util.git",
                "reference": "f1c8da76b3ed86a43058fa68f59c0e4f90c69f27"
            },
            "dist": {
                "type": "zip",
                "url": "https://api.github.com/repos/webmozart/path-util/zipball/f1c8da76b3ed86a43058fa68f59c0e4f90c69f27",
                "reference": "f1c8da76b3ed86a43058fa68f59c0e4f90c69f27",
                "shasum": ""
            },
            "require": {
                "php": ">=5.3.3",
                "webmozart/assert": "~1.0"
            },
            "require-dev": {
                "phpunit/phpunit": "^4.6"
            },
            "type": "library",
            "extra": {
                "branch-alias": {
                    "dev-master": "2.3-dev"
                }
            },
            "autoload": {
                "psr-4": {
                    "Webmozart\\PathUtil\\": "src/"
                }
            },
            "notification-url": "https://packagist.org/downloads/",
            "license": [
                "MIT"
            ],
            "authors": [
                {
                    "name": "Bernhard Schussek",
                    "email": "bschussek@gmail.com"
                }
            ],
            "description": "A robust cross-platform utility for normalizing, comparing and modifying file paths.",
            "time": "2015-08-24 17:27:41"
        }
    ],
    "packages-dev": [
        {
            "name": "puli/composer-plugin",
            "version": "1.0.0-beta7",
            "source": {
                "type": "git",
                "url": "https://github.com/puli/composer-plugin.git",
                "reference": "0dff06ecc96d8d281b78b85558a5208cc39dab5a"
            },
            "dist": {
                "type": "zip",
                "url": "https://api.github.com/repos/puli/composer-plugin/zipball/0dff06ecc96d8d281b78b85558a5208cc39dab5a",
                "reference": "0dff06ecc96d8d281b78b85558a5208cc39dab5a",
                "shasum": ""
            },
            "require": {
                "composer-plugin-api": "^1.0",
                "puli/discovery": "^1.0-beta7",
                "puli/repository": "^1.0-beta7",
                "puli/url-generator": "^1.0-beta2",
                "symfony/process": "^2.3",
                "webmozart/assert": "^1.0",
                "webmozart/key-value-store": "^1.0-beta5",
                "webmozart/path-util": "^2.2"
            },
            "require-dev": {
                "composer/composer": "^1.0-alpha10",
                "phpunit/phpunit": "^4.6",
                "symfony/filesystem": "^2.3",
                "webmozart/glob": "^3.1"
            },
            "type": "composer-plugin",
            "extra": {
                "branch-alias": {
                    "dev-master": "1.0-dev"
                },
                "class": "Puli\\ComposerPlugin\\PuliPlugin"
            },
            "autoload": {
                "psr-4": {
                    "Puli\\ComposerPlugin\\": "src/"
                }
            },
            "notification-url": "https://packagist.org/downloads/",
            "license": [
                "MIT"
            ],
            "authors": [
                {
                    "name": "Bernhard Schussek",
                    "email": "bschussek@gmail.com"
                }
            ],
            "description": "Integrates Composer into the Puli package manager.",
            "homepage": "http://puli.io",
            "time": "2015-08-24 20:29:45"
        },
        {
            "name": "puli/discovery",
            "version": "1.0.0-beta7",
            "source": {
                "type": "git",
                "url": "https://github.com/puli/discovery.git",
                "reference": "5e61c5d6c4d6f49ac24ae490e6a180b74440e729"
            },
            "dist": {
                "type": "zip",
                "url": "https://api.github.com/repos/puli/discovery/zipball/5e61c5d6c4d6f49ac24ae490e6a180b74440e729",
                "reference": "5e61c5d6c4d6f49ac24ae490e6a180b74440e729",
                "shasum": ""
            },
            "require": {
                "php": ">=5.3.9",
                "puli/repository": "^1.0",
                "webmozart/assert": "^1.0",
                "webmozart/glob": ">=2.0,<4.0"
            },
            "require-dev": {
                "phpunit/phpunit": "^4.6",
                "webmozart/key-value-store": "^1.0.0-beta5"
            },
            "suggest": {
                "webmozart/key-value-store": "to use the KeyValueStoreDiscovery"
            },
            "type": "library",
            "extra": {
                "branch-alias": {
                    "dev-master": "1.0-dev"
                }
            },
            "autoload": {
                "psr-4": {
                    "Puli\\Discovery\\": "src/"
                }
            },
            "notification-url": "https://packagist.org/downloads/",
            "license": [
                "MIT"
            ],
            "authors": [
                {
                    "name": "Bernhard Schussek",
                    "email": "bschussek@gmail.com"
                }
            ],
            "description": "Discovers Puli resources bound to predefined types.",
            "homepage": "http://puli.io",
            "time": "2015-08-24 19:50:55"
        },
        {
            "name": "puli/url-generator",
            "version": "1.0.0-beta2",
            "source": {
                "type": "git",
                "url": "https://github.com/puli/url-generator.git",
                "reference": "4b5d61f314d556b97085ddfd2666995705473527"
            },
            "dist": {
                "type": "zip",
                "url": "https://api.github.com/repos/puli/url-generator/zipball/4b5d61f314d556b97085ddfd2666995705473527",
                "reference": "4b5d61f314d556b97085ddfd2666995705473527",
                "shasum": ""
            },
            "require": {
                "php": ">=5.3.9",
                "puli/discovery": "^1.0",
                "puli/repository": "^1.0",
                "webmozart/glob": ">=2.0,<4.0"
            },
            "require-dev": {
                "phpunit/phpunit": "^4.6"
            },
            "type": "library",
            "extra": {
                "branch-alias": {
                    "dev-master": "1.0-dev"
                }
            },
            "autoload": {
                "psr-4": {
                    "Puli\\UrlGenerator\\": "src/"
                }
            },
            "notification-url": "https://packagist.org/downloads/",
            "license": [
                "MIT"
            ],
            "authors": [
                {
                    "name": "Bernhard Schussek",
                    "email": "bschussek@gmail.com"
                }
            ],
            "description": "Generates URLs for public Puli resources.",
            "homepage": "http://puli.io",
            "keywords": [
                "asset",
                "public",
                "puli",
                "resource",
                "url"
            ],
            "time": "2015-08-12 12:01:39"
        },
        {
            "name": "symfony/process",
            "version": "v2.7.3",
            "source": {
                "type": "git",
                "url": "https://github.com/symfony/Process.git",
                "reference": "48aeb0e48600321c272955132d7606ab0a49adb3"
            },
            "dist": {
                "type": "zip",
                "url": "https://api.github.com/repos/symfony/Process/zipball/48aeb0e48600321c272955132d7606ab0a49adb3",
                "reference": "48aeb0e48600321c272955132d7606ab0a49adb3",
                "shasum": ""
            },
            "require": {
                "php": ">=5.3.9"
            },
            "require-dev": {
                "symfony/phpunit-bridge": "~2.7"
            },
            "type": "library",
            "extra": {
                "branch-alias": {
                    "dev-master": "2.7-dev"
                }
            },
            "autoload": {
                "psr-4": {
                    "Symfony\\Component\\Process\\": ""
                }
            },
            "notification-url": "https://packagist.org/downloads/",
            "license": [
                "MIT"
            ],
            "authors": [
                {
                    "name": "Fabien Potencier",
                    "email": "fabien@symfony.com"
                },
                {
                    "name": "Symfony Community",
                    "homepage": "https://symfony.com/contributors"
                }
            ],
            "description": "Symfony Process Component",
            "homepage": "https://symfony.com",
            "time": "2015-07-01 11:25:50"
        },
        {
            "name": "webmozart/key-value-store",
            "version": "1.0.0-beta5",
            "source": {
                "type": "git",
                "url": "https://github.com/webmozart/key-value-store.git",
                "reference": "95881caf0a2848d019948f664f86ed88e6a4c65e"
            },
            "dist": {
                "type": "zip",
                "url": "https://api.github.com/repos/webmozart/key-value-store/zipball/95881caf0a2848d019948f664f86ed88e6a4c65e",
                "reference": "95881caf0a2848d019948f664f86ed88e6a4c65e",
                "shasum": ""
            },
            "require": {
                "php": ">=5.3.3",
                "webmozart/assert": "~1.0"
            },
            "require-dev": {
                "basho/riak": "~1.4",
                "doctrine/cache": "~1.4",
                "phpunit/phpunit": "^4.6",
                "predis/predis": "~1.0",
                "symfony/filesystem": "~2.5"
            },
            "suggest": {
                "basho/riak": "To enable the RiakStore",
                "doctrine/cache": "To enable the CachedStore",
                "predis/predis": "To enable the PredisStore"
            },
            "type": "library",
            "extra": {
                "branch-alias": {
                    "dev-master": "1.0-dev"
                }
            },
            "autoload": {
                "psr-4": {
                    "Webmozart\\KeyValueStore\\": "src/"
                }
            },
            "notification-url": "https://packagist.org/downloads/",
            "license": [
                "MIT"
            ],
            "authors": [
                {
                    "name": "Bernhard Schussek",
                    "email": "bschussek@gmail.com"
                }
            ],
            "description": "A key-value store API with implementations for different backends.",
            "time": "2015-08-11 15:02:30"
        }
    ],
    "aliases": [],
    "minimum-stability": "beta",
    "stability-flags": {
        "puli/twig-extension": 10,
        "puli/composer-plugin": 10
    },
    "prefer-stable": false,
    "prefer-lowest": false,
    "platform": [],
    "platform-dev": []
}
